
Microsoft Visual Studio Solution File, Format Version 12.00
# Visual Studio Version 17
VisualStudioVersion = 17.8.34525.116
MinimumVisualStudioVersion = 10.0.40219.1
Project("{FAE04EC0-301F-11D3-BF4B-00C04F79EFBC}") = "QLBH", "QLBH\QLBH.csproj", "{D30BF44E-404C-49C4-9E28-597E1BDA282E}"
EndProject
Global
	GlobalSection(SolutionConfigurationPlatforms) = preSolution
		Debug|Any CPU = Debug|Any CPU
		Release|Any CPU = Release|Any CPU
	EndGlobalSection
	GlobalSection(ProjectConfigurationPlatforms) = postSolution
		{D30BF44E-404C-49C4-9E28-597E1BDA282E}.Debug|Any CPU.ActiveCfg = Debug|Any CPU
		{D30BF44E-404C-49C4-9E28-597E1BDA282E}.Debug|Any CPU.Build.0 = Debug|Any CPU
		{D30BF44E-404C-49C4-9E28-597E1BDA282E}.Release|Any CPU.ActiveCfg = Release|Any CPU
		{D30BF44E-404C-49C4-9E28-597E1BDA282E}.Release|Any CPU.Build.0 = Release|Any CPU
	EndGlobalSection
	GlobalSection(SolutionProperties) = preSolution
		HideSolutionNode = FALSE
	EndGlobalSection
	GlobalSection(ExtensibilityGlobals) = postSolution
		SolutionGuid = {AC503119-C26F-4DBC-9867-17E9CCC6A3C8}
	EndGlobalSection
EndGlobal
